
Microsoft Visual Studio Solution File, Format Version 12.00
# Visual Studio Version 17
VisualStudioVersion = 17.9.34728.123
MinimumVisualStudioVersion = 10.0.40219.1
Project("{FAE04EC0-301F-11D3-BF4B-00C04F79EFBC}") = "Museu13.05", "Museu13.05\Museu13.05.csproj", "{8A740D23-CA1A-42F4-B6D7-59B196BF9101}"
EndProject
Global
	GlobalSection(SolutionConfigurationPlatforms) = preSolution
		Debug|Any CPU = Debug|Any CPU
		Release|Any CPU = Release|Any CPU
	EndGlobalSection
	GlobalSection(ProjectConfigurationPlatforms) = postSolution
		{8A740D23-CA1A-42F4-B6D7-59B196BF9101}.Debug|Any CPU.ActiveCfg = Debug|Any CPU
		{8A740D23-CA1A-42F4-B6D7-59B196BF9101}.Debug|Any CPU.Build.0 = Debug|Any CPU
		{8A740D23-CA1A-42F4-B6D7-59B196BF9101}.Release|Any CPU.ActiveCfg = Release|Any CPU
		{8A740D23-CA1A-42F4-B6D7-59B196BF9101}.Release|Any CPU.Build.0 = Release|Any CPU
	EndGlobalSection
	GlobalSection(SolutionProperties) = preSolution
		HideSolutionNode = FALSE
	EndGlobalSection
	GlobalSection(ExtensibilityGlobals) = postSolution
		SolutionGuid = {AC45F2D3-A786-40B9-A111-5D4F55D61F0B}
	EndGlobalSection
EndGlobal
